
Microsoft Visual Studio Solution File, Format Version 12.00
# Visual Studio 15
VisualStudioVersion = 15.0.28010.2036
MinimumVisualStudioVersion = 10.0.40219.1
Project("{FAE04EC0-301F-11D3-BF4B-00C04F79EFBC}") = "Chart.NET", "Chart.NET\Chart.NET.csproj", "{9131FADB-096D-477B-8CC1-CF619759E586}"
EndProject
Project("{FAE04EC0-301F-11D3-BF4B-00C04F79EFBC}") = "ChartUserControls", "Chart.NetControlLibrary\ChartUserControls.csproj", "{43D325C9-A501-4DCD-800A-56BC4E27CC1C}"
EndProject
Project("{FAE04EC0-301F-11D3-BF4B-00C04F79EFBC}") = "DataAnalysis", "DataAnalysis\DataAnalysis.csproj", "{1EBFA793-EB11-4FFE-BE65-458CE7506B49}"
EndProject
Project("{FAE04EC0-301F-11D3-BF4B-00C04F79EFBC}") = "ConsoleApp", "ConsoleApp\ConsoleApp.csproj", "{E55CB2DB-A62B-48F8-8112-4D1FFD263757}"
EndProject
Global
	GlobalSection(SolutionConfigurationPlatforms) = preSolution
		Debug|Any CPU = Debug|Any CPU
		Release|Any CPU = Release|Any CPU
	EndGlobalSection
	GlobalSection(ProjectConfigurationPlatforms) = postSolution
		{9131FADB-096D-477B-8CC1-CF619759E586}.Debug|Any CPU.ActiveCfg = Debug|Any CPU
		{9131FADB-096D-477B-8CC1-CF619759E586}.Debug|Any CPU.Build.0 = Debug|Any CPU
		{9131FADB-096D-477B-8CC1-CF619759E586}.Release|Any CPU.ActiveCfg = Release|Any CPU
		{9131FADB-096D-477B-8CC1-CF619759E586}.Release|Any CPU.Build.0 = Release|Any CPU
		{43D325C9-A501-4DCD-800A-56BC4E27CC1C}.Debug|Any CPU.ActiveCfg = Debug|Any CPU
		{43D325C9-A501-4DCD-800A-56BC4E27CC1C}.Debug|Any CPU.Build.0 = Debug|Any CPU
		{43D325C9-A501-4DCD-800A-56BC4E27CC1C}.Release|Any CPU.ActiveCfg = Release|Any CPU
		{43D325C9-A501-4DCD-800A-56BC4E27CC1C}.Release|Any CPU.Build.0 = Release|Any CPU
		{1EBFA793-EB11-4FFE-BE65-458CE7506B49}.Debug|Any CPU.ActiveCfg = Debug|Any CPU
		{1EBFA793-EB11-4FFE-BE65-458CE7506B49}.Debug|Any CPU.Build.0 = Debug|Any CPU
		{1EBFA793-EB11-4FFE-BE65-458CE7506B49}.Release|Any CPU.ActiveCfg = Release|Any CPU
		{1EBFA793-EB11-4FFE-BE65-458CE7506B49}.Release|Any CPU.Build.0 = Release|Any CPU
		{E55CB2DB-A62B-48F8-8112-4D1FFD263757}.Debug|Any CPU.ActiveCfg = Debug|Any CPU
		{E55CB2DB-A62B-48F8-8112-4D1FFD263757}.Debug|Any CPU.Build.0 = Debug|Any CPU
		{E55CB2DB-A62B-48F8-8112-4D1FFD263757}.Release|Any CPU.ActiveCfg = Release|Any CPU
		{E55CB2DB-A62B-48F8-8112-4D1FFD263757}.Release|Any CPU.Build.0 = Release|Any CPU
	EndGlobalSection
	GlobalSection(SolutionProperties) = preSolution
		HideSolutionNode = FALSE
	EndGlobalSection
	GlobalSection(ExtensibilityGlobals) = postSolution
		SolutionGuid = {F4B061BE-270B-4070-896A-3AE2BF8D868A}
	EndGlobalSection
EndGlobal
